// !$*UTF8*$!
{
	archiveVersion = 1;
	classes = {
	};
	objectVersion = 50;
	objects = {

/* Begin PBXBuildFile section */
		0B8DEC691FA8104F600366F1 /* libPods-IMPhotoBrowserDemo.a in Frameworks */ = {isa = PBXBuildFile; fileRef = 1266A84423E815418FA63FDB /* libPods-IMPhotoBrowserDemo.a */; };
		B7206A63216EEEE100FE745D /* AppDelegate.m in Sources */ = {isa = PBXBuildFile; fileRef = B7206A62216EEEE100FE745D /* AppDelegate.m */; };
		B7206A66216EEEE100FE745D /* ViewController.m in Sources */ = {isa = PBXBuildFile; fileRef = B7206A65216EEEE100FE745D /* ViewController.m */; };
		B7206A69216EEEE100FE745D /* Main.storyboard in Resources */ = {isa = PBXBuildFile; fileRef = B7206A67216EEEE100FE745D /* Main.storyboard */; };
		B7206A6B216EEEE200FE745D /* Assets.xcassets in Resources */ = {isa = PBXBuildFile; fileRef = B7206A6A216EEEE200FE745D /* Assets.xcassets */; };
		B7206A6E216EEEE200FE745D /* LaunchScreen.storyboard in Resources */ = {isa = PBXBuildFile; fileRef = B7206A6C216EEEE200FE745D /* LaunchScreen.storyboard */; };
		B7206A71216EEEE200FE745D /* main.m in Sources */ = {isa = PBXBuildFile; fileRef = B7206A70216EEEE200FE745D /* main.m */; };
		B73977EE2175B6550052B7CF /* IMBaseAnimationTransitioning.m in Sources */ = {isa = PBXBuildFile; fileRef = B73977D82175B6550052B7CF /* IMBaseAnimationTransitioning.m */; };
		B777B2FE219E60DF0051F18E /* IMPhotosTool.m in Sources */ = {isa = PBXBuildFile; fileRef = B777B2AC219E60DF0051F18E /* IMPhotosTool.m */; };
		B777B2FF219E60DF0051F18E /* IMCameraman.m in Sources */ = {isa = PBXBuildFile; fileRef = B777B2B0219E60DF0051F18E /* IMCameraman.m */; };
		B777B300219E60DF0051F18E /* IMPhotoBrowserAnimationTransitioning.m in Sources */ = {isa = PBXBuildFile; fileRef = B777B2B6219E60DF0051F18E /* IMPhotoBrowserAnimationTransitioning.m */; };
		B777B301219E60DF0051F18E /* IMPhotoManager.m in Sources */ = {isa = PBXBuildFile; fileRef = B777B2B8219E60DF0051F18E /* IMPhotoManager.m */; };
		B777B302219E60DF0051F18E /* IMPhoto.m in Sources */ = {isa = PBXBuildFile; fileRef = B777B2BB219E60DF0051F18E /* IMPhoto.m */; };
		B777B303219E60DF0051F18E /* IMPhotoBrowserParameter.m in Sources */ = {isa = PBXBuildFile; fileRef = B777B2BC219E60DF0051F18E /* IMPhotoBrowserParameter.m */; };
		B777B304219E60DF0051F18E /* IMPhotoPickerViewController.m in Sources */ = {isa = PBXBuildFile; fileRef = B777B2BF219E60DF0051F18E /* IMPhotoPickerViewController.m */; };
		B777B305219E60DF0051F18E /* IMPhotoCollectionViewController.m in Sources */ = {isa = PBXBuildFile; fileRef = B777B2C2219E60DF0051F18E /* IMPhotoCollectionViewController.m */; };
		B777B306219E60DF0051F18E /* IMCameraCollectionViewCell.m in Sources */ = {isa = PBXBuildFile; fileRef = B777B2C4219E60DF0051F18E /* IMCameraCollectionViewCell.m */; };
		B777B307219E60DF0051F18E /* IMPhotoCollectionViewCell.xib in Resources */ = {isa = PBXBuildFile; fileRef = B777B2C8219E60DF0051F18E /* IMPhotoCollectionViewCell.xib */; };
		B777B308219E60DF0051F18E /* IMPhotoCollectionViewCell.m in Sources */ = {isa = PBXBuildFile; fileRef = B777B2C9219E60DF0051F18E /* IMPhotoCollectionViewCell.m */; };
		B777B309219E60DF0051F18E /* IMPBSelectedStateButton.m in Sources */ = {isa = PBXBuildFile; fileRef = B777B2CC219E60DF0051F18E /* IMPBSelectedStateButton.m */; };
		B777B30A219E60DF0051F18E /* IMPBXButton.m in Sources */ = {isa = PBXBuildFile; fileRef = B777B2CF219E60DF0051F18E /* IMPBXButton.m */; };
		B777B30B219E60DF0051F18E /* IMPhotoCollectionFooterView.m in Sources */ = {isa = PBXBuildFile; fileRef = B777B2D3219E60DF0051F18E /* IMPhotoCollectionFooterView.m */; };
		B777B30C219E60DF0051F18E /* IMPBPhotoView.m in Sources */ = {isa = PBXBuildFile; fileRef = B777B2D6219E60DF0051F18E /* IMPBPhotoView.m */; };
		B777B30D219E60DF0051F18E /* IMPhotoAlbumTableViewController.m in Sources */ = {isa = PBXBuildFile; fileRef = B777B2D8219E60DF0051F18E /* IMPhotoAlbumTableViewController.m */; };
		B777B30E219E60DF0051F18E /* IMPhotoAlbumTableViewCell.m in Sources */ = {isa = PBXBuildFile; fileRef = B777B2DA219E60DF0051F18E /* IMPhotoAlbumTableViewCell.m */; };
		B777B30F219E60DF0051F18E /* IMPhotoAlbumTableViewCell.xib in Resources */ = {isa = PBXBuildFile; fileRef = B777B2DB219E60DF0051F18E /* IMPhotoAlbumTableViewCell.xib */; };
		B777B310219E60DF0051F18E /* IMPhotoBrowserCollectionView.m in Sources */ = {isa = PBXBuildFile; fileRef = B777B2E0219E60DF0051F18E /* IMPhotoBrowserCollectionView.m */; };
		B777B311219E60DF0051F18E /* IMNetworkPhotoBrowserViewController.m in Sources */ = {isa = PBXBuildFile; fileRef = B777B2E4219E60DF0051F18E /* IMNetworkPhotoBrowserViewController.m */; };
		B777B312219E60DF0051F18E /* IMPhotoBrowserCollectionViewCell.m in Sources */ = {isa = PBXBuildFile; fileRef = B777B2E6219E60DF0051F18E /* IMPhotoBrowserCollectionViewCell.m */; };
		B777B313219E60DF0051F18E /* IMPhotoBrowserHeaderFooterView.m in Sources */ = {isa = PBXBuildFile; fileRef = B777B2E9219E60DF0051F18E /* IMPhotoBrowserHeaderFooterView.m */; };
		B777B314219E60DF0051F18E /* IMPhotoBrowserViewController.m in Sources */ = {isa = PBXBuildFile; fileRef = B777B2ED219E60DF0051F18E /* IMPhotoBrowserViewController.m */; };
		B777B315219E60DF0051F18E /* IMPhotoEditingMaskView.m in Sources */ = {isa = PBXBuildFile; fileRef = B777B2F2219E60DF0051F18E /* IMPhotoEditingMaskView.m */; };
		B777B316219E60DF0051F18E /* IMPhotoEditingFooterView.m in Sources */ = {isa = PBXBuildFile; fileRef = B777B2F5219E60DF0051F18E /* IMPhotoEditingFooterView.m */; };
		B777B317219E60DF0051F18E /* IMPhotoEditingViewController.m in Sources */ = {isa = PBXBuildFile; fileRef = B777B2F7219E60DF0051F18E /* IMPhotoEditingViewController.m */; };
		B777B318219E60DF0051F18E /* IMPhotoEditingMaskView_Deprecated.m in Sources */ = {isa = PBXBuildFile; fileRef = B777B2FB219E60DF0051F18E /* IMPhotoEditingMaskView_Deprecated.m */; };
		B777B319219E60DF0051F18E /* IMPhotoEditingViewController_Deprecated.m in Sources */ = {isa = PBXBuildFile; fileRef = B777B2FD219E60DF0051F18E /* IMPhotoEditingViewController_Deprecated.m */; };
		B79E7A5E21955BA400E51B15 /* UIViewController+IMAlert.m in Sources */ = {isa = PBXBuildFile; fileRef = B79E7A5A21955BA400E51B15 /* UIViewController+IMAlert.m */; };
		B79E7A6921955BFD00E51B15 /* UIView+IMRect.m in Sources */ = {isa = PBXBuildFile; fileRef = B79E7A6221955BFD00E51B15 /* UIView+IMRect.m */; };
		B79E7A6A21955BFD00E51B15 /* UIView+IMLoading.m in Sources */ = {isa = PBXBuildFile; fileRef = B79E7A6421955BFD00E51B15 /* UIView+IMLoading.m */; };
		B79E7A6B21955BFD00E51B15 /* UIView+IMArea.m in Sources */ = {isa = PBXBuildFile; fileRef = B79E7A6721955BFD00E51B15 /* UIView+IMArea.m */; };
/* End PBXBuildFile section */

/* Begin PBXFileReference section */
		1266A84423E815418FA63FDB /* libPods-IMPhotoBrowserDemo.a */ = {isa = PBXFileReference; explicitFileType = archive.ar; includeInIndex = 0; path = "libPods-IMPhotoBrowserDemo.a"; sourceTree = BUILT_PRODUCTS_DIR; };
		59D63C622D1435F27C3E54D5 /* Pods-IMPhotoBrowserDemo.debug.xcconfig */ = {isa = PBXFileReference; includeInIndex = 1; lastKnownFileType = text.xcconfig; name = "Pods-IMPhotoBrowserDemo.debug.xcconfig"; path = "Pods/Target Support Files/Pods-IMPhotoBrowserDemo/Pods-IMPhotoBrowserDemo.debug.xcconfig"; sourceTree = "<group>"; };
		60EF218007BDE04C6D0CAC02 /* Pods-IMPhotoBrowserDemo.release.xcconfig */ = {isa = PBXFileReference; includeInIndex = 1; lastKnownFileType = text.xcconfig; name = "Pods-IMPhotoBrowserDemo.release.xcconfig"; path = "Pods/Target Support Files/Pods-IMPhotoBrowserDemo/Pods-IMPhotoBrowserDemo.release.xcconfig"; sourceTree = "<group>"; };
		B7206A5E216EEEE100FE745D /* IMPhotoBrowserDemo.app */ = {isa = PBXFileReference; explicitFileType = wrapper.application; includeInIndex = 0; path = IMPhotoBrowserDemo.app; sourceTree = BUILT_PRODUCTS_DIR; };
		B7206A61216EEEE100FE745D /* AppDelegate.h */ = {isa = PBXFileReference; lastKnownFileType = sourcecode.c.h; path = AppDelegate.h; sourceTree = "<group>"; };
		B7206A62216EEEE100FE745D /* AppDelegate.m */ = {isa = PBXFileReference; lastKnownFileType = sourcecode.c.objc; path = AppDelegate.m; sourceTree = "<group>"; };
		B7206A64216EEEE100FE745D /* ViewController.h */ = {isa = PBXFileReference; lastKnownFileType = sourcecode.c.h; path = ViewController.h; sourceTree = "<group>"; };
		B7206A65216EEEE100FE745D /* ViewController.m */ = {isa = PBXFileReference; lastKnownFileType = sourcecode.c.objc; path = ViewController.m; sourceTree = "<group>"; };
		B7206A68216EEEE100FE745D /* Base */ = {isa = PBXFileReference; lastKnownFileType = file.storyboard; name = Base; path = Base.lproj/Main.storyboard; sourceTree = "<group>"; };
		B7206A6A216EEEE200FE745D /* Assets.xcassets */ = {isa = PBXFileReference; lastKnownFileType = folder.assetcatalog; path = Assets.xcassets; sourceTree = "<group>"; };
		B7206A6D216EEEE200FE745D /* Base */ = {isa = PBXFileReference; lastKnownFileType = file.storyboard; name = Base; path = Base.lproj/LaunchScreen.storyboard; sourceTree = "<group>"; };
		B7206A6F216EEEE200FE745D /* Info.plist */ = {isa = PBXFileReference; lastKnownFileType = text.plist.xml; path = Info.plist; sourceTree = "<group>"; };
		B7206A70216EEEE200FE745D /* main.m */ = {isa = PBXFileReference; lastKnownFileType = sourcecode.c.objc; path = main.m; sourceTree = "<group>"; };
		B73977D72175B6550052B7CF /* IMBaseAnimationTransitioning.h */ = {isa = PBXFileReference; fileEncoding = 4; lastKnownFileType = sourcecode.c.h; path = IMBaseAnimationTransitioning.h; sourceTree = "<group>"; };
		B73977D82175B6550052B7CF /* IMBaseAnimationTransitioning.m */ = {isa = PBXFileReference; fileEncoding = 4; lastKnownFileType = sourcecode.c.objc; path = IMBaseAnimationTransitioning.m; sourceTree = "<group>"; };
		B777B2A9219E60DF0051F18E /* IMPhotoBrowser.h */ = {isa = PBXFileReference; fileEncoding = 4; lastKnownFileType = sourcecode.c.h; path = IMPhotoBrowser.h; sourceTree = "<group>"; };
		B777B2AC219E60DF0051F18E /* IMPhotosTool.m */ = {isa = PBXFileReference; fileEncoding = 4; lastKnownFileType = sourcecode.c.objc; path = IMPhotosTool.m; sourceTree = "<group>"; };
		B777B2AD219E60DF0051F18E /* IMPhotosTool.h */ = {isa = PBXFileReference; fileEncoding = 4; lastKnownFileType = sourcecode.c.h; path = IMPhotosTool.h; sourceTree = "<group>"; };
		B777B2AF219E60DF0051F18E /* IMCameraman.h */ = {isa = PBXFileReference; fileEncoding = 4; lastKnownFileType = sourcecode.c.h; path = IMCameraman.h; sourceTree = "<group>"; };
		B777B2B0219E60DF0051F18E /* IMCameraman.m */ = {isa = PBXFileReference; fileEncoding = 4; lastKnownFileType = sourcecode.c.objc; path = IMCameraman.m; sourceTree = "<group>"; };
		B777B2B1219E60DF0051F18E /* IMPhotoPickerViewController.h */ = {isa = PBXFileReference; fileEncoding = 4; lastKnownFileType = sourcecode.c.h; path = IMPhotoPickerViewController.h; sourceTree = "<group>"; };
		B777B2B3219E60DF0051F18E /* IMPBStatement.h */ = {isa = PBXFileReference; fileEncoding = 4; lastKnownFileType = sourcecode.c.h; path = IMPBStatement.h; sourceTree = "<group>"; };
		B777B2B5219E60DF0051F18E /* IMPhotoBrowserAnimationTransitioning.h */ = {isa = PBXFileReference; fileEncoding = 4; lastKnownFileType = sourcecode.c.h; path = IMPhotoBrowserAnimationTransitioning.h; sourceTree = "<group>"; };
		B777B2B6219E60DF0051F18E /* IMPhotoBrowserAnimationTransitioning.m */ = {isa = PBXFileReference; fileEncoding = 4; lastKnownFileType = sourcecode.c.objc; path = IMPhotoBrowserAnimationTransitioning.m; sourceTree = "<group>"; };
		B777B2B8219E60DF0051F18E /* IMPhotoManager.m */ = {isa = PBXFileReference; fileEncoding = 4; lastKnownFileType = sourcecode.c.objc; path = IMPhotoManager.m; sourceTree = "<group>"; };
		B777B2B9219E60DF0051F18E /* IMPhotoManager.h */ = {isa = PBXFileReference; fileEncoding = 4; lastKnownFileType = sourcecode.c.h; path = IMPhotoManager.h; sourceTree = "<group>"; };
		B777B2BB219E60DF0051F18E /* IMPhoto.m */ = {isa = PBXFileReference; fileEncoding = 4; lastKnownFileType = sourcecode.c.objc; path = IMPhoto.m; sourceTree = "<group>"; };
		B777B2BC219E60DF0051F18E /* IMPhotoBrowserParameter.m */ = {isa = PBXFileReference; fileEncoding = 4; lastKnownFileType = sourcecode.c.objc; path = IMPhotoBrowserParameter.m; sourceTree = "<group>"; };
		B777B2BD219E60DF0051F18E /* IMPhoto.h */ = {isa = PBXFileReference; fileEncoding = 4; lastKnownFileType = sourcecode.c.h; path = IMPhoto.h; sourceTree = "<group>"; };
		B777B2BE219E60DF0051F18E /* IMPhotoBrowserParameter.h */ = {isa = PBXFileReference; fileEncoding = 4; lastKnownFileType = sourcecode.c.h; path = IMPhotoBrowserParameter.h; sourceTree = "<group>"; };
		B777B2BF219E60DF0051F18E /* IMPhotoPickerViewController.m */ = {isa = PBXFileReference; fileEncoding = 4; lastKnownFileType = sourcecode.c.objc; path = IMPhotoPickerViewController.m; sourceTree = "<group>"; };
		B777B2C2219E60DF0051F18E /* IMPhotoCollectionViewController.m */ = {isa = PBXFileReference; fileEncoding = 4; lastKnownFileType = sourcecode.c.objc; path = IMPhotoCollectionViewController.m; sourceTree = "<group>"; };
		B777B2C4219E60DF0051F18E /* IMCameraCollectionViewCell.m */ = {isa = PBXFileReference; fileEncoding = 4; lastKnownFileType = sourcecode.c.objc; path = IMCameraCollectionViewCell.m; sourceTree = "<group>"; };
		B777B2C5219E60DF0051F18E /* IMCameraCollectionViewCell.h */ = {isa = PBXFileReference; fileEncoding = 4; lastKnownFileType = sourcecode.c.h; path = IMCameraCollectionViewCell.h; sourceTree = "<group>"; };
		B777B2C7219E60DF0051F18E /* IMPhotoCollectionViewCell.h */ = {isa = PBXFileReference; fileEncoding = 4; lastKnownFileType = sourcecode.c.h; path = IMPhotoCollectionViewCell.h; sourceTree = "<group>"; };
		B777B2C8219E60DF0051F18E /* IMPhotoCollectionViewCell.xib */ = {isa = PBXFileReference; fileEncoding = 4; lastKnownFileType = file.xib; path = IMPhotoCollectionViewCell.xib; sourceTree = "<group>"; };
		B777B2C9219E60DF0051F18E /* IMPhotoCollectionViewCell.m */ = {isa = PBXFileReference; fileEncoding = 4; lastKnownFileType = sourcecode.c.objc; path = IMPhotoCollectionViewCell.m; sourceTree = "<group>"; };
		B777B2CA219E60DF0051F18E /* IMPhotoCollectionViewController.h */ = {isa = PBXFileReference; fileEncoding = 4; lastKnownFileType = sourcecode.c.h; path = IMPhotoCollectionViewController.h; sourceTree = "<group>"; };
		B777B2CC219E60DF0051F18E /* IMPBSelectedStateButton.m */ = {isa = PBXFileReference; fileEncoding = 4; lastKnownFileType = sourcecode.c.objc; path = IMPBSelectedStateButton.m; sourceTree = "<group>"; };
		B777B2CD219E60DF0051F18E /* IMPBSelectedStateButton.h */ = {isa = PBXFileReference; fileEncoding = 4; lastKnownFileType = sourcecode.c.h; path = IMPBSelectedStateButton.h; sourceTree = "<group>"; };
		B777B2CF219E60DF0051F18E /* IMPBXButton.m */ = {isa = PBXFileReference; fileEncoding = 4; lastKnownFileType = sourcecode.c.objc; path = IMPBXButton.m; sourceTree = "<group>"; };
		B777B2D0219E60DF0051F18E /* IMPBXButton.h */ = {isa = PBXFileReference; fileEncoding = 4; lastKnownFileType = sourcecode.c.h; path = IMPBXButton.h; sourceTree = "<group>"; };
		B777B2D2219E60DF0051F18E /* IMPhotoCollectionFooterView.h */ = {isa = PBXFileReference; fileEncoding = 4; lastKnownFileType = sourcecode.c.h; path = IMPhotoCollectionFooterView.h; sourceTree = "<group>"; };
		B777B2D3219E60DF0051F18E /* IMPhotoCollectionFooterView.m */ = {isa = PBXFileReference; fileEncoding = 4; lastKnownFileType = sourcecode.c.objc; path = IMPhotoCollectionFooterView.m; sourceTree = "<group>"; };
		B777B2D5219E60DF0051F18E /* IMPBPhotoView.h */ = {isa = PBXFileReference; fileEncoding = 4; lastKnownFileType = sourcecode.c.h; path = IMPBPhotoView.h; sourceTree = "<group>"; };
		B777B2D6219E60DF0051F18E /* IMPBPhotoView.m */ = {isa = PBXFileReference; fileEncoding = 4; lastKnownFileType = sourcecode.c.objc; path = IMPBPhotoView.m; sourceTree = "<group>"; };
		B777B2D8219E60DF0051F18E /* IMPhotoAlbumTableViewController.m */ = {isa = PBXFileReference; fileEncoding = 4; lastKnownFileType = sourcecode.c.objc; path = IMPhotoAlbumTableViewController.m; sourceTree = "<group>"; };
		B777B2DA219E60DF0051F18E /* IMPhotoAlbumTableViewCell.m */ = {isa = PBXFileReference; fileEncoding = 4; lastKnownFileType = sourcecode.c.objc; path = IMPhotoAlbumTableViewCell.m; sourceTree = "<group>"; };
		B777B2DB219E60DF0051F18E /* IMPhotoAlbumTableViewCell.xib */ = {isa = PBXFileReference; fileEncoding = 4; lastKnownFileType = file.xib; path = IMPhotoAlbumTableViewCell.xib; sourceTree = "<group>"; };
		B777B2DC219E60DF0051F18E /* IMPhotoAlbumTableViewCell.h */ = {isa = PBXFileReference; fileEncoding = 4; lastKnownFileType = sourcecode.c.h; path = IMPhotoAlbumTableViewCell.h; sourceTree = "<group>"; };
		B777B2DD219E60DF0051F18E /* IMPhotoAlbumTableViewController.h */ = {isa = PBXFileReference; fileEncoding = 4; lastKnownFileType = sourcecode.c.h; path = IMPhotoAlbumTableViewController.h; sourceTree = "<group>"; };
		B777B2E0219E60DF0051F18E /* IMPhotoBrowserCollectionView.m */ = {isa = PBXFileReference; fileEncoding = 4; lastKnownFileType = sourcecode.c.objc; path = IMPhotoBrowserCollectionView.m; sourceTree = "<group>"; };
		B777B2E1219E60DF0051F18E /* IMPhotoBrowserCollectionView.h */ = {isa = PBXFileReference; fileEncoding = 4; lastKnownFileType = sourcecode.c.h; path = IMPhotoBrowserCollectionView.h; sourceTree = "<group>"; };
		B777B2E3219E60DF0051F18E /* IMNetworkPhotoBrowserViewController.h */ = {isa = PBXFileReference; fileEncoding = 4; lastKnownFileType = sourcecode.c.h; path = IMNetworkPhotoBrowserViewController.h; sourceTree = "<group>"; };
		B777B2E4219E60DF0051F18E /* IMNetworkPhotoBrowserViewController.m */ = {isa = PBXFileReference; fileEncoding = 4; lastKnownFileType = sourcecode.c.objc; path = IMNetworkPhotoBrowserViewController.m; sourceTree = "<group>"; };
		B777B2E6219E60DF0051F18E /* IMPhotoBrowserCollectionViewCell.m */ = {isa = PBXFileReference; fileEncoding = 4; lastKnownFileType = sourcecode.c.objc; path = IMPhotoBrowserCollectionViewCell.m; sourceTree = "<group>"; };
		B777B2E7219E60DF0051F18E /* IMPhotoBrowserCollectionViewCell.h */ = {isa = PBXFileReference; fileEncoding = 4; lastKnownFileType = sourcecode.c.h; path = IMPhotoBrowserCollectionViewCell.h; sourceTree = "<group>"; };
		B777B2E9219E60DF0051F18E /* IMPhotoBrowserHeaderFooterView.m */ = {isa = PBXFileReference; fileEncoding = 4; lastKnownFileType = sourcecode.c.objc; path = IMPhotoBrowserHeaderFooterView.m; sourceTree = "<group>"; };
		B777B2EA219E60DF0051F18E /* IMPhotoBrowserHeaderFooterView.h */ = {isa = PBXFileReference; fileEncoding = 4; lastKnownFileType = sourcecode.c.h; path = IMPhotoBrowserHeaderFooterView.h; sourceTree = "<group>"; };
		B777B2EC219E60DF0051F18E /* IMPhotoBrowserViewController.h */ = {isa = PBXFileReference; fileEncoding = 4; lastKnownFileType = sourcecode.c.h; path = IMPhotoBrowserViewController.h; sourceTree = "<group>"; };
		B777B2ED219E60DF0051F18E /* IMPhotoBrowserViewController.m */ = {isa = PBXFileReference; fileEncoding = 4; lastKnownFileType = sourcecode.c.objc; path = IMPhotoBrowserViewController.m; sourceTree = "<group>"; };
		B777B2EF219E60DF0051F18E /* IMPhotoEditingViewController.h */ = {isa = PBXFileReference; fileEncoding = 4; lastKnownFileType = sourcecode.c.h; path = IMPhotoEditingViewController.h; sourceTree = "<group>"; };
		B777B2F1219E60DF0051F18E /* IMPhotoEditingMaskView.h */ = {isa = PBXFileReference; fileEncoding = 4; lastKnownFileType = sourcecode.c.h; path = IMPhotoEditingMaskView.h; sourceTree = "<group>"; };
		B777B2F2219E60DF0051F18E /* IMPhotoEditingMaskView.m */ = {isa = PBXFileReference; fileEncoding = 4; lastKnownFileType = sourcecode.c.objc; path = IMPhotoEditingMaskView.m; sourceTree = "<group>"; };
		B777B2F4219E60DF0051F18E /* IMPhotoEditingFooterView.h */ = {isa = PBXFileReference; fileEncoding = 4; lastKnownFileType = sourcecode.c.h; path = IMPhotoEditingFooterView.h; sourceTree = "<group>"; };
		B777B2F5219E60DF0051F18E /* IMPhotoEditingFooterView.m */ = {isa = PBXFileReference; fileEncoding = 4; lastKnownFileType = sourcecode.c.objc; path = IMPhotoEditingFooterView.m; sourceTree = "<group>"; };
		B777B2F6219E60DF0051F18E /* IMPhotoEditingStyle.h */ = {isa = PBXFileReference; fileEncoding = 4; lastKnownFileType = sourcecode.c.h; path = IMPhotoEditingStyle.h; sourceTree = "<group>"; };
		B777B2F7219E60DF0051F18E /* IMPhotoEditingViewController.m */ = {isa = PBXFileReference; fileEncoding = 4; lastKnownFileType = sourcecode.c.objc; path = IMPhotoEditingViewController.m; sourceTree = "<group>"; };
		B777B2F9219E60DF0051F18E /* IMPhotoEditingViewController_Deprecated.h */ = {isa = PBXFileReference; fileEncoding = 4; lastKnownFileType = sourcecode.c.h; path = IMPhotoEditingViewController_Deprecated.h; sourceTree = "<group>"; };
		B777B2FB219E60DF0051F18E /* IMPhotoEditingMaskView_Deprecated.m */ = {isa = PBXFileReference; fileEncoding = 4; lastKnownFileType = sourcecode.c.objc; path = IMPhotoEditingMaskView_Deprecated.m; sourceTree = "<group>"; };
		B777B2FC219E60DF0051F18E /* IMPhotoEditingMaskView_Deprecated.h */ = {isa = PBXFileReference; fileEncoding = 4; lastKnownFileType = sourcecode.c.h; path = IMPhotoEditingMaskView_Deprecated.h; sourceTree = "<group>"; };
		B777B2FD219E60DF0051F18E /* IMPhotoEditingViewController_Deprecated.m */ = {isa = PBXFileReference; fileEncoding = 4; lastKnownFileType = sourcecode.c.objc; path = IMPhotoEditingViewController_Deprecated.m; sourceTree = "<group>"; };
		B79E7A5921955BA400E51B15 /* UIViewController+IMAlert.h */ = {isa = PBXFileReference; fileEncoding = 4; lastKnownFileType = sourcecode.c.h; path = "UIViewController+IMAlert.h"; sourceTree = "<group>"; };
		B79E7A5A21955BA400E51B15 /* UIViewController+IMAlert.m */ = {isa = PBXFileReference; fileEncoding = 4; lastKnownFileType = sourcecode.c.objc; path = "UIViewController+IMAlert.m"; sourceTree = "<group>"; };
		B79E7A6121955BFD00E51B15 /* UIView+IMRect.h */ = {isa = PBXFileReference; fileEncoding = 4; lastKnownFileType = sourcecode.c.h; path = "UIView+IMRect.h"; sourceTree = "<group>"; };
		B79E7A6221955BFD00E51B15 /* UIView+IMRect.m */ = {isa = PBXFileReference; fileEncoding = 4; lastKnownFileType = sourcecode.c.objc; path = "UIView+IMRect.m"; sourceTree = "<group>"; };
		B79E7A6421955BFD00E51B15 /* UIView+IMLoading.m */ = {isa = PBXFileReference; fileEncoding = 4; lastKnownFileType = sourcecode.c.objc; path = "UIView+IMLoading.m"; sourceTree = "<group>"; };
		B79E7A6521955BFD00E51B15 /* UIView+IMLoading.h */ = {isa = PBXFileReference; fileEncoding = 4; lastKnownFileType = sourcecode.c.h; path = "UIView+IMLoading.h"; sourceTree = "<group>"; };
		B79E7A6721955BFD00E51B15 /* UIView+IMArea.m */ = {isa = PBXFileReference; fileEncoding = 4; lastKnownFileType = sourcecode.c.objc; path = "UIView+IMArea.m"; sourceTree = "<group>"; };
		B79E7A6821955BFD00E51B15 /* UIView+IMArea.h */ = {isa = PBXFileReference; fileEncoding = 4; lastKnownFileType = sourcecode.c.h; path = "UIView+IMArea.h"; sourceTree = "<group>"; };
/* End PBXFileReference section */

/* Begin PBXFrameworksBuildPhase section */
		B7206A5B216EEEE100FE745D /* Frameworks */ = {
			isa = PBXFrameworksBuildPhase;
			buildActionMask = 2147483647;
			files = (
				0B8DEC691FA8104F600366F1 /* libPods-IMPhotoBrowserDemo.a in Frameworks */,
			);
			runOnlyForDeploymentPostprocessing = 0;
		};
/* End PBXFrameworksBuildPhase section */

/* Begin PBXGroup section */
		40765D2E7086C3FF34B19D05 /* Frameworks */ = {
			isa = PBXGroup;
			children = (
				1266A84423E815418FA63FDB /* libPods-IMPhotoBrowserDemo.a */,
			);
			name = Frameworks;
			sourceTree = "<group>";
		};
		91D82D6634A8F02620200291 /* Pods */ = {
			isa = PBXGroup;
			children = (
				59D63C622D1435F27C3E54D5 /* Pods-IMPhotoBrowserDemo.debug.xcconfig */,
				60EF218007BDE04C6D0CAC02 /* Pods-IMPhotoBrowserDemo.release.xcconfig */,
			);
			name = Pods;
			sourceTree = "<group>";
		};
		B7206A55216EEEE100FE745D = {
			isa = PBXGroup;
			children = (
				B7206A60216EEEE100FE745D /* IMPhotoBrowserDemo */,
				B7206A5F216EEEE100FE745D /* Products */,
				91D82D6634A8F02620200291 /* Pods */,
				40765D2E7086C3FF34B19D05 /* Frameworks */,
			);
			sourceTree = "<group>";
		};
		B7206A5F216EEEE100FE745D /* Products */ = {
			isa = PBXGroup;
			children = (
				B7206A5E216EEEE100FE745D /* IMPhotoBrowserDemo.app */,
			);
			name = Products;
			sourceTree = "<group>";
		};
		B7206A60216EEEE100FE745D /* IMPhotoBrowserDemo */ = {
			isa = PBXGroup;
			children = (
				B777B2A8219E60DF0051F18E /* IMPhotoBrowser */,
				B79E7A4C21955BA400E51B15 /* IMExtension */,
				B73977CF2175B6550052B7CF /* IMTransitionAnimation */,
				B7206A78216EEEF300FE745D /* AppDelegate */,
				B7206A77216EEEEA00FE745D /* Resources */,
				B7206A64216EEEE100FE745D /* ViewController.h */,
				B7206A65216EEEE100FE745D /* ViewController.m */,
				B7206A67216EEEE100FE745D /* Main.storyboard */,
			);
			path = IMPhotoBrowserDemo;
			sourceTree = "<group>";
		};
		B7206A77216EEEEA00FE745D /* Resources */ = {
			isa = PBXGroup;
			children = (
				B7206A6A216EEEE200FE745D /* Assets.xcassets */,
				B7206A6C216EEEE200FE745D /* LaunchScreen.storyboard */,
				B7206A6F216EEEE200FE745D /* Info.plist */,
				B7206A70216EEEE200FE745D /* main.m */,
			);
			path = Resources;
			sourceTree = "<group>";
		};
		B7206A78216EEEF300FE745D /* AppDelegate */ = {
			isa = PBXGroup;
			children = (
				B7206A61216EEEE100FE745D /* AppDelegate.h */,
				B7206A62216EEEE100FE745D /* AppDelegate.m */,
			);
			path = AppDelegate;
			sourceTree = "<group>";
		};
		B73977CF2175B6550052B7CF /* IMTransitionAnimation */ = {
			isa = PBXGroup;
			children = (
				B73977D62175B6550052B7CF /* Base */,
			);
			name = IMTransitionAnimation;
			path = ../../IMTransitionAnimation;
			sourceTree = "<group>";
		};
		B73977D62175B6550052B7CF /* Base */ = {
			isa = PBXGroup;
			children = (
				B73977D72175B6550052B7CF /* IMBaseAnimationTransitioning.h */,
				B73977D82175B6550052B7CF /* IMBaseAnimationTransitioning.m */,
			);
			path = Base;
			sourceTree = "<group>";
		};
		B777B2A8219E60DF0051F18E /* IMPhotoBrowser */ = {
			isa = PBXGroup;
			children = (
				B777B2A9219E60DF0051F18E /* IMPhotoBrowser.h */,
				B777B2AA219E60DF0051F18E /* Utils */,
				B777B2B1219E60DF0051F18E /* IMPhotoPickerViewController.h */,
				B777B2B2219E60DF0051F18E /* VM */,
				B777B2BA219E60DF0051F18E /* M */,
				B777B2BF219E60DF0051F18E /* IMPhotoPickerViewController.m */,
				B777B2C0219E60DF0051F18E /* V */,
			);
			name = IMPhotoBrowser;
			path = ../../IMPhotoBrowser;
			sourceTree = "<group>";
		};
		B777B2AA219E60DF0051F18E /* Utils */ = {
			isa = PBXGroup;
			children = (
				B777B2AB219E60DF0051F18E /* PhotosTool */,
				B777B2AE219E60DF0051F18E /* Cameraman */,
			);
			path = Utils;
			sourceTree = "<group>";
		};
		B777B2AB219E60DF0051F18E /* PhotosTool */ = {
			isa = PBXGroup;
			children = (
				B777B2AC219E60DF0051F18E /* IMPhotosTool.m */,
				B777B2AD219E60DF0051F18E /* IMPhotosTool.h */,
			);
			path = PhotosTool;
			sourceTree = "<group>";
		};
		B777B2AE219E60DF0051F18E /* Cameraman */ = {
			isa = PBXGroup;
			children = (
				B777B2AF219E60DF0051F18E /* IMCameraman.h */,
				B777B2B0219E60DF0051F18E /* IMCameraman.m */,
			);
			path = Cameraman;
			sourceTree = "<group>";
		};
		B777B2B2219E60DF0051F18E /* VM */ = {
			isa = PBXGroup;
			children = (
				B777B2B3219E60DF0051F18E /* IMPBStatement.h */,
				B777B2B4219E60DF0051F18E /* AnimationTransitioning */,
				B777B2B7219E60DF0051F18E /* PhotoManager */,
			);
			path = VM;
			sourceTree = "<group>";
		};
		B777B2B4219E60DF0051F18E /* AnimationTransitioning */ = {
			isa = PBXGroup;
			children = (
				B777B2B5219E60DF0051F18E /* IMPhotoBrowserAnimationTransitioning.h */,
				B777B2B6219E60DF0051F18E /* IMPhotoBrowserAnimationTransitioning.m */,
			);
			path = AnimationTransitioning;
			sourceTree = "<group>";
		};
		B777B2B7219E60DF0051F18E /* PhotoManager */ = {
			isa = PBXGroup;
			children = (
				B777B2B8219E60DF0051F18E /* IMPhotoManager.m */,
				B777B2B9219E60DF0051F18E /* IMPhotoManager.h */,
			);
			path = PhotoManager;
			sourceTree = "<group>";
		};
		B777B2BA219E60DF0051F18E /* M */ = {
			isa = PBXGroup;
			children = (
				B777B2BB219E60DF0051F18E /* IMPhoto.m */,
				B777B2BC219E60DF0051F18E /* IMPhotoBrowserParameter.m */,
				B777B2BD219E60DF0051F18E /* IMPhoto.h */,
				B777B2BE219E60DF0051F18E /* IMPhotoBrowserParameter.h */,
			);
			path = M;
			sourceTree = "<group>";
		};
		B777B2C0219E60DF0051F18E /* V */ = {
			isa = PBXGroup;
			children = (
				B777B2C1219E60DF0051F18E /* PhotoCollection */,
				B777B2CB219E60DF0051F18E /* SelectedStateBtn */,
				B777B2CE219E60DF0051F18E /* XButton */,
				B777B2D1219E60DF0051F18E /* FooterView */,
				B777B2D4219E60DF0051F18E /* PhotoView */,
				B777B2D7219E60DF0051F18E /* PhotoAlbumList */,
				B777B2DE219E60DF0051F18E /* Browser */,
				B777B2EE219E60DF0051F18E /* PhotoEditing */,
			);
			path = V;
			sourceTree = "<group>";
		};
		B777B2C1219E60DF0051F18E /* PhotoCollection */ = {
			isa = PBXGroup;
			children = (
				B777B2C2219E60DF0051F18E /* IMPhotoCollectionViewController.m */,
				B777B2C3219E60DF0051F18E /* CameraCell */,
				B777B2C6219E60DF0051F18E /* PhotoCell */,
				B777B2CA219E60DF0051F18E /* IMPhotoCollectionViewController.h */,
			);
			path = PhotoCollection;
			sourceTree = "<group>";
		};
		B777B2C3219E60DF0051F18E /* CameraCell */ = {
			isa = PBXGroup;
			children = (
				B777B2C4219E60DF0051F18E /* IMCameraCollectionViewCell.m */,
				B777B2C5219E60DF0051F18E /* IMCameraCollectionViewCell.h */,
			);
			path = CameraCell;
			sourceTree = "<group>";
		};
		B777B2C6219E60DF0051F18E /* PhotoCell */ = {
			isa = PBXGroup;
			children = (
				B777B2C7219E60DF0051F18E /* IMPhotoCollectionViewCell.h */,
				B777B2C8219E60DF0051F18E /* IMPhotoCollectionViewCell.xib */,
				B777B2C9219E60DF0051F18E /* IMPhotoCollectionViewCell.m */,
			);
			path = PhotoCell;
			sourceTree = "<group>";
		};
		B777B2CB219E60DF0051F18E /* SelectedStateBtn */ = {
			isa = PBXGroup;
			children = (
				B777B2CC219E60DF0051F18E /* IMPBSelectedStateButton.m */,
				B777B2CD219E60DF0051F18E /* IMPBSelectedStateButton.h */,
			);
			path = SelectedStateBtn;
			sourceTree = "<group>";
		};
		B777B2CE219E60DF0051F18E /* XButton */ = {
			isa = PBXGroup;
			children = (
				B777B2CF219E60DF0051F18E /* IMPBXButton.m */,
				B777B2D0219E60DF0051F18E /* IMPBXButton.h */,
			);
			path = XButton;
			sourceTree = "<group>";
		};
		B777B2D1219E60DF0051F18E /* FooterView */ = {
			isa = PBXGroup;
			children = (
				B777B2D2219E60DF0051F18E /* IMPhotoCollectionFooterView.h */,
				B777B2D3219E60DF0051F18E /* IMPhotoCollectionFooterView.m */,
			);
			path = FooterView;
			sourceTree = "<group>";
		};
		B777B2D4219E60DF0051F18E /* PhotoView */ = {
			isa = PBXGroup;
			children = (
				B777B2D5219E60DF0051F18E /* IMPBPhotoView.h */,
				B777B2D6219E60DF0051F18E /* IMPBPhotoView.m */,
			);
			path = PhotoView;
			sourceTree = "<group>";
		};
		B777B2D7219E60DF0051F18E /* PhotoAlbumList */ = {
			isa = PBXGroup;
			children = (
				B777B2D8219E60DF0051F18E /* IMPhotoAlbumTableViewController.m */,
				B777B2D9219E60DF0051F18E /* Cell */,
				B777B2DD219E60DF0051F18E /* IMPhotoAlbumTableViewController.h */,
			);
			path = PhotoAlbumList;
			sourceTree = "<group>";
		};
		B777B2D9219E60DF0051F18E /* Cell */ = {
			isa = PBXGroup;
			children = (
				B777B2DA219E60DF0051F18E /* IMPhotoAlbumTableViewCell.m */,
				B777B2DB219E60DF0051F18E /* IMPhotoAlbumTableViewCell.xib */,
				B777B2DC219E60DF0051F18E /* IMPhotoAlbumTableViewCell.h */,
			);
			path = Cell;
			sourceTree = "<group>";
		};
		B777B2DE219E60DF0051F18E /* Browser */ = {
			isa = PBXGroup;
			children = (
				B777B2DF219E60DF0051F18E /* CollectionView */,
				B777B2E2219E60DF0051F18E /* Network */,
				B777B2E5219E60DF0051F18E /* Cell */,
				B777B2E8219E60DF0051F18E /* HeaderFooterView */,
				B777B2EB219E60DF0051F18E /* PhotoAlbum */,
			);
			path = Browser;
			sourceTree = "<group>";
		};
		B777B2DF219E60DF0051F18E /* CollectionView */ = {
			isa = PBXGroup;
			children = (
				B777B2E0219E60DF0051F18E /* IMPhotoBrowserCollectionView.m */,
				B777B2E1219E60DF0051F18E /* IMPhotoBrowserCollectionView.h */,
			);
			path = CollectionView;
			sourceTree = "<group>";
		};
		B777B2E2219E60DF0051F18E /* Network */ = {
			isa = PBXGroup;
			children = (
				B777B2E3219E60DF0051F18E /* IMNetworkPhotoBrowserViewController.h */,
				B777B2E4219E60DF0051F18E /* IMNetworkPhotoBrowserViewController.m */,
			);
			path = Network;
			sourceTree = "<group>";
		};
		B777B2E5219E60DF0051F18E /* Cell */ = {
			isa = PBXGroup;
			children = (
				B777B2E6219E60DF0051F18E /* IMPhotoBrowserCollectionViewCell.m */,
				B777B2E7219E60DF0051F18E /* IMPhotoBrowserCollectionViewCell.h */,
			);
			path = Cell;
			sourceTree = "<group>";
		};
		B777B2E8219E60DF0051F18E /* HeaderFooterView */ = {
			isa = PBXGroup;
			children = (
				B777B2E9219E60DF0051F18E /* IMPhotoBrowserHeaderFooterView.m */,
				B777B2EA219E60DF0051F18E /* IMPhotoBrowserHeaderFooterView.h */,
			);
			path = HeaderFooterView;
			sourceTree = "<group>";
		};
		B777B2EB219E60DF0051F18E /* PhotoAlbum */ = {
			isa = PBXGroup;
			children = (
				B777B2EC219E60DF0051F18E /* IMPhotoBrowserViewController.h */,
				B777B2ED219E60DF0051F18E /* IMPhotoBrowserViewController.m */,
			);
			path = PhotoAlbum;
			sourceTree = "<group>";
		};
		B777B2EE219E60DF0051F18E /* PhotoEditing */ = {
			isa = PBXGroup;
			children = (
				B777B2EF219E60DF0051F18E /* IMPhotoEditingViewController.h */,
				B777B2F0219E60DF0051F18E /* MaskView */,
				B777B2F3219E60DF0051F18E /* FooterView */,
				B777B2F6219E60DF0051F18E /* IMPhotoEditingStyle.h */,
				B777B2F7219E60DF0051F18E /* IMPhotoEditingViewController.m */,
				B777B2F8219E60DF0051F18E /* Deprecated */,
			);
			path = PhotoEditing;
			sourceTree = "<group>";
		};
		B777B2F0219E60DF0051F18E /* MaskView */ = {
			isa = PBXGroup;
			children = (
				B777B2F1219E60DF0051F18E /* IMPhotoEditingMaskView.h */,
				B777B2F2219E60DF0051F18E /* IMPhotoEditingMaskView.m */,
			);
			path = MaskView;
			sourceTree = "<group>";
		};
		B777B2F3219E60DF0051F18E /* FooterView */ = {
			isa = PBXGroup;
			children = (
				B777B2F4219E60DF0051F18E /* IMPhotoEditingFooterView.h */,
				B777B2F5219E60DF0051F18E /* IMPhotoEditingFooterView.m */,
			);
			path = FooterView;
			sourceTree = "<group>";
		};
		B777B2F8219E60DF0051F18E /* Deprecated */ = {
			isa = PBXGroup;
			children = (
				B777B2F9219E60DF0051F18E /* IMPhotoEditingViewController_Deprecated.h */,
				B777B2FA219E60DF0051F18E /* EditingMaskView */,
				B777B2FD219E60DF0051F18E /* IMPhotoEditingViewController_Deprecated.m */,
			);
			path = Deprecated;
			sourceTree = "<group>";
		};
		B777B2FA219E60DF0051F18E /* EditingMaskView */ = {
			isa = PBXGroup;
			children = (
				B777B2FB219E60DF0051F18E /* IMPhotoEditingMaskView_Deprecated.m */,
				B777B2FC219E60DF0051F18E /* IMPhotoEditingMaskView_Deprecated.h */,
			);
			path = EditingMaskView;
			sourceTree = "<group>";
		};
		B79E7A4C21955BA400E51B15 /* IMExtension */ = {
			isa = PBXGroup;
			children = (
				B79E7A5F21955BFD00E51B15 /* UIView */,
				B79E7A5721955BA400E51B15 /* UIViewController */,
			);
			path = IMExtension;
			sourceTree = "<group>";
		};
		B79E7A5721955BA400E51B15 /* UIViewController */ = {
			isa = PBXGroup;
			children = (
				B79E7A5821955BA400E51B15 /* Alert */,
			);
			path = UIViewController;
			sourceTree = "<group>";
		};
		B79E7A5821955BA400E51B15 /* Alert */ = {
			isa = PBXGroup;
			children = (
				B79E7A5921955BA400E51B15 /* UIViewController+IMAlert.h */,
				B79E7A5A21955BA400E51B15 /* UIViewController+IMAlert.m */,
			);
			path = Alert;
			sourceTree = "<group>";
		};
		B79E7A5F21955BFD00E51B15 /* UIView */ = {
			isa = PBXGroup;
			children = (
				B79E7A6021955BFD00E51B15 /* Rect */,
				B79E7A6321955BFD00E51B15 /* Loading */,
				B79E7A6621955BFD00E51B15 /* Area */,
			);
			path = UIView;
			sourceTree = "<group>";
		};
		B79E7A6021955BFD00E51B15 /* Rect */ = {
			isa = PBXGroup;
			children = (
				B79E7A6121955BFD00E51B15 /* UIView+IMRect.h */,
				B79E7A6221955BFD00E51B15 /* UIView+IMRect.m */,
			);
			path = Rect;
			sourceTree = "<group>";
		};
		B79E7A6321955BFD00E51B15 /* Loading */ = {
			isa = PBXGroup;
			children = (
				B79E7A6421955BFD00E51B15 /* UIView+IMLoading.m */,
				B79E7A6521955BFD00E51B15 /* UIView+IMLoading.h */,
			);
			path = Loading;
			sourceTree = "<group>";
		};
		B79E7A6621955BFD00E51B15 /* Area */ = {
			isa = PBXGroup;
			children = (
				B79E7A6721955BFD00E51B15 /* UIView+IMArea.m */,
				B79E7A6821955BFD00E51B15 /* UIView+IMArea.h */,
			);
			path = Area;
			sourceTree = "<group>";
		};
/* End PBXGroup section */

/* Begin PBXNativeTarget section */
		B7206A5D216EEEE100FE745D /* IMPhotoBrowserDemo */ = {
			isa = PBXNativeTarget;
			buildConfigurationList = B7206A74216EEEE200FE745D /* Build configuration list for PBXNativeTarget "IMPhotoBrowserDemo" */;
			buildPhases = (
				70D547FB5C2D46998016BB41 /* [CP] Check Pods Manifest.lock */,
				B7206A5A216EEEE100FE745D /* Sources */,
				B7206A5B216EEEE100FE745D /* Frameworks */,
				B7206A5C216EEEE100FE745D /* Resources */,
				BE5AAB7B1BBE27EA88401214 /* [CP] Embed Pods Frameworks */,
				753C716940B1E30349AB3CA7 /* [CP] Copy Pods Resources */,
			);
			buildRules = (
			);
			dependencies = (
			);
			name = IMPhotoBrowserDemo;
			productName = IMPhotoBrowserDemo;
			productReference = B7206A5E216EEEE100FE745D /* IMPhotoBrowserDemo.app */;
			productType = "com.apple.product-type.application";
		};
/* End PBXNativeTarget section */

/* Begin PBXProject section */
		B7206A56216EEEE100FE745D /* Project object */ = {
			isa = PBXProject;
			attributes = {
				LastUpgradeCheck = 1000;
				ORGANIZATIONNAME = iMoon;
				TargetAttributes = {
					B7206A5D216EEEE100FE745D = {
						CreatedOnToolsVersion = 10.0;
					};
				};
			};
			buildConfigurationList = B7206A59216EEEE100FE745D /* Build configuration list for PBXProject "IMPhotoBrowserDemo" */;
			compatibilityVersion = "Xcode 9.3";
			developmentRegion = en;
			hasScannedForEncodings = 0;
			knownRegions = (
				en,
				Base,
			);
			mainGroup = B7206A55216EEEE100FE745D;
			productRefGroup = B7206A5F216EEEE100FE745D /* Products */;
			projectDirPath = "";
			projectRoot = "";
			targets = (
				B7206A5D216EEEE100FE745D /* IMPhotoBrowserDemo */,
			);
		};
/* End PBXProject section */

/* Begin PBXResourcesBuildPhase section */
		B7206A5C216EEEE100FE745D /* Resources */ = {
			isa = PBXResourcesBuildPhase;
			buildActionMask = 2147483647;
			files = (
				B7206A6E216EEEE200FE745D /* LaunchScreen.storyboard in Resources */,
				B777B307219E60DF0051F18E /* IMPhotoCollectionViewCell.xib in Resources */,
				B777B30F219E60DF0051F18E /* IMPhotoAlbumTableViewCell.xib in Resources */,
				B7206A6B216EEEE200FE745D /* Assets.xcassets in Resources */,
				B7206A69216EEEE100FE745D /* Main.storyboard in Resources */,
			);
			runOnlyForDeploymentPostprocessing = 0;
		};
/* End PBXResourcesBuildPhase section */

/* Begin PBXShellScriptBuildPhase section */
		70D547FB5C2D46998016BB41 /* [CP] Check Pods Manifest.lock */ = {
			isa = PBXShellScriptBuildPhase;
			buildActionMask = 2147483647;
			files = (
			);
			inputPaths = (
				"${PODS_PODFILE_DIR_PATH}/Podfile.lock",
				"${PODS_ROOT}/Manifest.lock",
			);
			name = "[CP] Check Pods Manifest.lock";
			outputPaths = (
				"$(DERIVED_FILE_DIR)/Pods-IMPhotoBrowserDemo-checkManifestLockResult.txt",
			);
			runOnlyForDeploymentPostprocessing = 0;
			shellPath = /bin/sh;
			shellScript = "diff \"${PODS_PODFILE_DIR_PATH}/Podfile.lock\" \"${PODS_ROOT}/Manifest.lock\" > /dev/null\nif [ $? != 0 ] ; then\n    # print error to STDERR\n    echo \"error: The sandbox is not in sync with the Podfile.lock. Run 'pod install' or update your CocoaPods installation.\" >&2\n    exit 1\nfi\n# This output is used by Xcode 'outputs' to avoid re-running this script phase.\necho \"SUCCESS\" > \"${SCRIPT_OUTPUT_FILE_0}\"\n";
			showEnvVarsInLog = 0;
		};
		753C716940B1E30349AB3CA7 /* [CP] Copy Pods Resources */ = {
			isa = PBXShellScriptBuildPhase;
			buildActionMask = 2147483647;
			files = (
			);
			inputPaths = (
			);
			name = "[CP] Copy Pods Resources";
			outputPaths = (
			);
			runOnlyForDeploymentPostprocessing = 0;
			shellPath = /bin/sh;
			shellScript = "\"${SRCROOT}/Pods/Target Support Files/Pods-IMPhotoBrowserDemo/Pods-IMPhotoBrowserDemo-resources.sh\"\n";
			showEnvVarsInLog = 0;
		};
		BE5AAB7B1BBE27EA88401214 /* [CP] Embed Pods Frameworks */ = {
			isa = PBXShellScriptBuildPhase;
			buildActionMask = 2147483647;
			files = (
			);
			inputPaths = (
				"${SRCROOT}/Pods/Target Support Files/Pods-IMPhotoBrowserDemo/Pods-IMPhotoBrowserDemo-frameworks.sh",
				"${PODS_ROOT}/Reveal-SDK/RevealServer-13/iOS/RevealServer.framework",
			);
			name = "[CP] Embed Pods Frameworks";
			outputPaths = (
				"${TARGET_BUILD_DIR}/${FRAMEWORKS_FOLDER_PATH}/RevealServer.framework",
			);
			runOnlyForDeploymentPostprocessing = 0;
			shellPath = /bin/sh;
			shellScript = "\"${SRCROOT}/Pods/Target Support Files/Pods-IMPhotoBrowserDemo/Pods-IMPhotoBrowserDemo-frameworks.sh\"\n";
			showEnvVarsInLog = 0;
		};
/* End PBXShellScriptBuildPhase section */

/* Begin PBXSourcesBuildPhase section */
		B7206A5A216EEEE100FE745D /* Sources */ = {
			isa = PBXSourcesBuildPhase;
			buildActionMask = 2147483647;
			files = (
				B7206A66216EEEE100FE745D /* ViewController.m in Sources */,
				B777B303219E60DF0051F18E /* IMPhotoBrowserParameter.m in Sources */,
				B777B30D219E60DF0051F18E /* IMPhotoAlbumTableViewController.m in Sources */,
				B777B318219E60DF0051F18E /* IMPhotoEditingMaskView_Deprecated.m in Sources */,
				B777B302219E60DF0051F18E /* IMPhoto.m in Sources */,
				B777B313219E60DF0051F18E /* IMPhotoBrowserHeaderFooterView.m in Sources */,
				B777B308219E60DF0051F18E /* IMPhotoCollectionViewCell.m in Sources */,
				B777B30A219E60DF0051F18E /* IMPBXButton.m in Sources */,
				B777B30B219E60DF0051F18E /* IMPhotoCollectionFooterView.m in Sources */,
				B777B311219E60DF0051F18E /* IMNetworkPhotoBrowserViewController.m in Sources */,
				B777B2FF219E60DF0051F18E /* IMCameraman.m in Sources */,
				B777B315219E60DF0051F18E /* IMPhotoEditingMaskView.m in Sources */,
				B79E7A6921955BFD00E51B15 /* UIView+IMRect.m in Sources */,
				B777B305219E60DF0051F18E /* IMPhotoCollectionViewController.m in Sources */,
				B7206A71216EEEE200FE745D /* main.m in Sources */,
				B79E7A5E21955BA400E51B15 /* UIViewController+IMAlert.m in Sources */,
				B777B30C219E60DF0051F18E /* IMPBPhotoView.m in Sources */,
				B79E7A6A21955BFD00E51B15 /* UIView+IMLoading.m in Sources */,
				B73977EE2175B6550052B7CF /* IMBaseAnimationTransitioning.m in Sources */,
				B777B319219E60DF0051F18E /* IMPhotoEditingViewController_Deprecated.m in Sources */,
				B79E7A6B21955BFD00E51B15 /* UIView+IMArea.m in Sources */,
				B777B304219E60DF0051F18E /* IMPhotoPickerViewController.m in Sources */,
				B777B300219E60DF0051F18E /* IMPhotoBrowserAnimationTransitioning.m in Sources */,
				B777B30E219E60DF0051F18E /* IMPhotoAlbumTableViewCell.m in Sources */,
				B7206A63216EEEE100FE745D /* AppDelegate.m in Sources */,
				B777B312219E60DF0051F18E /* IMPhotoBrowserCollectionViewCell.m in Sources */,
				B777B301219E60DF0051F18E /* IMPhotoManager.m in Sources */,
				B777B309219E60DF0051F18E /* IMPBSelectedStateButton.m in Sources */,
				B777B314219E60DF0051F18E /* IMPhotoBrowserViewController.m in Sources */,
				B777B2FE219E60DF0051F18E /* IMPhotosTool.m in Sources */,
				B777B317219E60DF0051F18E /* IMPhotoEditingViewController.m in Sources */,
				B777B306219E60DF0051F18E /* IMCameraCollectionViewCell.m in Sources */,
				B777B316219E60DF0051F18E /* IMPhotoEditingFooterView.m in Sources */,
				B777B310219E60DF0051F18E /* IMPhotoBrowserCollectionView.m in Sources */,
			);
			runOnlyForDeploymentPostprocessing = 0;
		};
/* End PBXSourcesBuildPhase section */

/* Begin PBXVariantGroup section */
		B7206A67216EEEE100FE745D /* Main.storyboard */ = {
			isa = PBXVariantGroup;
			children = (
				B7206A68216EEEE100FE745D /* Base */,
			);
			name = Main.storyboard;
			sourceTree = "<group>";
		};
		B7206A6C216EEEE200FE745D /* LaunchScreen.storyboard */ = {
			isa = PBXVariantGroup;
			children = (
				B7206A6D216EEEE200FE745D /* Base */,
			);
			name = LaunchScreen.storyboard;
			sourceTree = "<group>";
		};
/* End PBXVariantGroup section */

/* Begin XCBuildConfiguration section */
		B7206A72216EEEE200FE745D /* Debug */ = {
			isa = XCBuildConfiguration;
			buildSettings = {
				ALWAYS_SEARCH_USER_PATHS = NO;
				CLANG_ANALYZER_NONNULL = YES;
				CLANG_ANALYZER_NUMBER_OBJECT_CONVERSION = YES_AGGRESSIVE;
				CLANG_CXX_LANGUAGE_STANDARD = "gnu++14";
				CLANG_CXX_LIBRARY = "libc++";
				CLANG_ENABLE_MODULES = YES;
				CLANG_ENABLE_OBJC_ARC = YES;
				CLANG_ENABLE_OBJC_WEAK = YES;
				CLANG_WARN_BLOCK_CAPTURE_AUTORELEASING = YES;
				CLANG_WARN_BOOL_CONVERSION = YES;
				CLANG_WARN_COMMA = YES;
				CLANG_WARN_CONSTANT_CONVERSION = YES;
				CLANG_WARN_DEPRECATED_OBJC_IMPLEMENTATIONS = YES;
				CLANG_WARN_DIRECT_OBJC_ISA_USAGE = YES_ERROR;
				CLANG_WARN_DOCUMENTATION_COMMENTS = YES;
				CLANG_WARN_EMPTY_BODY = YES;
				CLANG_WARN_ENUM_CONVERSION = YES;
				CLANG_WARN_INFINITE_RECURSION = YES;
				CLANG_WARN_INT_CONVERSION = YES;
				CLANG_WARN_NON_LITERAL_NULL_CONVERSION = YES;
				CLANG_WARN_OBJC_IMPLICIT_RETAIN_SELF = YES;
				CLANG_WARN_OBJC_LITERAL_CONVERSION = YES;
				CLANG_WARN_OBJC_ROOT_CLASS = YES_ERROR;
				CLANG_WARN_RANGE_LOOP_ANALYSIS = YES;
				CLANG_WARN_STRICT_PROTOTYPES = YES;
				CLANG_WARN_SUSPICIOUS_MOVE = YES;
				CLANG_WARN_UNGUARDED_AVAILABILITY = YES_AGGRESSIVE;
				CLANG_WARN_UNREACHABLE_CODE = YES;
				CLANG_WARN__DUPLICATE_METHOD_MATCH = YES;
				CODE_SIGN_IDENTITY = "iPhone Developer";
				COPY_PHASE_STRIP = NO;
				DEBUG_INFORMATION_FORMAT = dwarf;
				ENABLE_STRICT_OBJC_MSGSEND = YES;
				ENABLE_TESTABILITY = YES;
				GCC_C_LANGUAGE_STANDARD = gnu11;
				GCC_DYNAMIC_NO_PIC = NO;
				GCC_NO_COMMON_BLOCKS = YES;
				GCC_OPTIMIZATION_LEVEL = 0;
				GCC_PREPROCESSOR_DEFINITIONS = (
					"DEBUG=1",
					"$(inherited)",
				);
				GCC_WARN_64_TO_32_BIT_CONVERSION = YES;
				GCC_WARN_ABOUT_RETURN_TYPE = YES_ERROR;
				GCC_WARN_UNDECLARED_SELECTOR = YES;
				GCC_WARN_UNINITIALIZED_AUTOS = YES_AGGRESSIVE;
				GCC_WARN_UNUSED_FUNCTION = YES;
				GCC_WARN_UNUSED_VARIABLE = YES;
				IPHONEOS_DEPLOYMENT_TARGET = 12.0;
				MTL_ENABLE_DEBUG_INFO = INCLUDE_SOURCE;
				MTL_FAST_MATH = YES;
				ONLY_ACTIVE_ARCH = YES;
				SDKROOT = iphoneos;
			};
			name = Debug;
		};
		B7206A73216EEEE200FE745D /* Release */ = {
			isa = XCBuildConfiguration;
			buildSettings = {
				ALWAYS_SEARCH_USER_PATHS = NO;
				CLANG_ANALYZER_NONNULL = YES;
				CLANG_ANALYZER_NUMBER_OBJECT_CONVERSION = YES_AGGRESSIVE;
				CLANG_CXX_LANGUAGE_STANDARD = "gnu++14";
				CLANG_CXX_LIBRARY = "libc++";
				CLANG_ENABLE_MODULES = YES;
				CLANG_ENABLE_OBJC_ARC = YES;
				CLANG_ENABLE_OBJC_WEAK = YES;
				CLANG_WARN_BLOCK_CAPTURE_AUTORELEASING = YES;
				CLANG_WARN_BOOL_CONVERSION = YES;
				CLANG_WARN_COMMA = YES;
				CLANG_WARN_CONSTANT_CONVERSION = YES;
				CLANG_WARN_DEPRECATED_OBJC_IMPLEMENTATIONS = YES;
				CLANG_WARN_DIRECT_OBJC_ISA_USAGE = YES_ERROR;
				CLANG_WARN_DOCUMENTATION_COMMENTS = YES;
				CLANG_WARN_EMPTY_BODY = YES;
				CLANG_WARN_ENUM_CONVERSION = YES;
				CLANG_WARN_INFINITE_RECURSION = YES;
				CLANG_WARN_INT_CONVERSION = YES;
				CLANG_WARN_NON_LITERAL_NULL_CONVERSION = YES;
				CLANG_WARN_OBJC_IMPLICIT_RETAIN_SELF = YES;
				CLANG_WARN_OBJC_LITERAL_CONVERSION = YES;
				CLANG_WARN_OBJC_ROOT_CLASS = YES_ERROR;
				CLANG_WARN_RANGE_LOOP_ANALYSIS = YES;
				CLANG_WARN_STRICT_PROTOTYPES = YES;
				CLANG_WARN_SUSPICIOUS_MOVE = YES;
				CLANG_WARN_UNGUARDED_AVAILABILITY = YES_AGGRESSIVE;
				CLANG_WARN_UNREACHABLE_CODE = YES;
				CLANG_WARN__DUPLICATE_METHOD_MATCH = YES;
				CODE_SIGN_IDENTITY = "iPhone Developer";
				COPY_PHASE_STRIP = NO;
				DEBUG_INFORMATION_FORMAT = "dwarf-with-dsym";
				ENABLE_NS_ASSERTIONS = NO;
				ENABLE_STRICT_OBJC_MSGSEND = YES;
				GCC_C_LANGUAGE_STANDARD = gnu11;
				GCC_NO_COMMON_BLOCKS = YES;
				GCC_WARN_64_TO_32_BIT_CONVERSION = YES;
				GCC_WARN_ABOUT_RETURN_TYPE = YES_ERROR;
				GCC_WARN_UNDECLARED_SELECTOR = YES;
				GCC_WARN_UNINITIALIZED_AUTOS = YES_AGGRESSIVE;
				GCC_WARN_UNUSED_FUNCTION = YES;
				GCC_WARN_UNUSED_VARIABLE = YES;
				IPHONEOS_DEPLOYMENT_TARGET = 12.0;
				MTL_ENABLE_DEBUG_INFO = NO;
				MTL_FAST_MATH = YES;
				SDKROOT = iphoneos;
				VALIDATE_PRODUCT = YES;
			};
			name = Release;
		};
		B7206A75216EEEE200FE745D /* Debug */ = {
			isa = XCBuildConfiguration;
			baseConfigurationReference = 59D63C622D1435F27C3E54D5 /* Pods-IMPhotoBrowserDemo.debug.xcconfig */;
			buildSettings = {
				ASSETCATALOG_COMPILER_APPICON_NAME = AppIcon;
				CODE_SIGN_STYLE = Automatic;
				DEVELOPMENT_TEAM = WXK7UF23NY;
				INFOPLIST_FILE = IMPhotoBrowserDemo/Resources/Info.plist;
				IPHONEOS_DEPLOYMENT_TARGET = 9.0;
				LD_RUNPATH_SEARCH_PATHS = (
					"$(inherited)",
					"@executable_path/Frameworks",
				);
				PRODUCT_BUNDLE_IDENTIFIER = com.imoon.IMPhotoBrowserDemo;
				PRODUCT_NAME = "$(TARGET_NAME)";
				TARGETED_DEVICE_FAMILY = "1,2";
			};
			name = Debug;
		};
		B7206A76216EEEE200FE745D /* Release */ = {
			isa = XCBuildConfiguration;
			baseConfigurationReference = 60EF218007BDE04C6D0CAC02 /* Pods-IMPhotoBrowserDemo.release.xcconfig */;
			buildSettings = {
				ASSETCATALOG_COMPILER_APPICON_NAME = AppIcon;
				CODE_SIGN_STYLE = Automatic;
				DEVELOPMENT_TEAM = WXK7UF23NY;
				INFOPLIST_FILE = IMPhotoBrowserDemo/Resources/Info.plist;
				IPHONEOS_DEPLOYMENT_TARGET = 9.0;
				LD_RUNPATH_SEARCH_PATHS = (
					"$(inherited)",
					"@executable_path/Frameworks",
				);
				PRODUCT_BUNDLE_IDENTIFIER = com.imoon.IMPhotoBrowserDemo;
				PRODUCT_NAME = "$(TARGET_NAME)";
				TARGETED_DEVICE_FAMILY = "1,2";
			};
			name = Release;
		};
/* End XCBuildConfiguration section */

/* Begin XCConfigurationList section */
		B7206A59216EEEE100FE745D /* Build configuration list for PBXProject "IMPhotoBrowserDemo" */ = {
			isa = XCConfigurationList;
			buildConfigurations = (
				B7206A72216EEEE200FE745D /* Debug */,
				B7206A73216EEEE200FE745D /* Release */,
			);
			defaultConfigurationIsVisible = 0;
			defaultConfigurationName = Release;
		};
		B7206A74216EEEE200FE745D /* Build configuration list for PBXNativeTarget "IMPhotoBrowserDemo" */ = {
			isa = XCConfigurationList;
			buildConfigurations = (
				B7206A75216EEEE200FE745D /* Debug */,
				B7206A76216EEEE200FE745D /* Release */,
			);
			defaultConfigurationIsVisible = 0;
			defaultConfigurationName = Release;
		};
/* End XCConfigurationList section */
	};
	rootObject = B7206A56216EEEE100FE745D /* Project object */;
}
